
Microsoft Visual Studio Solution File, Format Version 12.00
# Visual Studio Version 17
VisualStudioVersion = 17.3.32804.467
MinimumVisualStudioVersion = 10.0.40219.1
Project("{9A19103F-16F7-4668-BE54-9A1E7A4F7556}") = "Dynamo.ORM", "Dynamo.ORM\Dynamo.ORM.csproj", "{A31A41D1-C080-4DBC-9D35-C131B1FEC93E}"
EndProject
Project("{9A19103F-16F7-4668-BE54-9A1E7A4F7556}") = "Dynamo.ORM.UnitTests", "Dynamo.ORM.UnitTests\Dynamo.ORM.UnitTests.csproj", "{04A80726-E1B2-4261-BC77-1B6F642B2740}"
EndProject
Project("{9A19103F-16F7-4668-BE54-9A1E7A4F7556}") = "Dynamo.ORM.Benchmarks", "Dynamo.ORM.Benchmarks\Dynamo.ORM.Benchmarks.csproj", "{41E18A46-F2D5-4CC0-9DB3-FBA507754E98}"
EndProject
Global
	GlobalSection(SolutionConfigurationPlatforms) = preSolution
		Debug|Any CPU = Debug|Any CPU
		Release|Any CPU = Release|Any CPU
	EndGlobalSection
	GlobalSection(ProjectConfigurationPlatforms) = postSolution
		{A31A41D1-C080-4DBC-9D35-C131B1FEC93E}.Debug|Any CPU.ActiveCfg = Debug|Any CPU
		{A31A41D1-C080-4DBC-9D35-C131B1FEC93E}.Debug|Any CPU.Build.0 = Debug|Any CPU
		{A31A41D1-C080-4DBC-9D35-C131B1FEC93E}.Release|Any CPU.ActiveCfg = Release|Any CPU
		{A31A41D1-C080-4DBC-9D35-C131B1FEC93E}.Release|Any CPU.Build.0 = Release|Any CPU
		{04A80726-E1B2-4261-BC77-1B6F642B2740}.Debug|Any CPU.ActiveCfg = Debug|Any CPU
		{04A80726-E1B2-4261-BC77-1B6F642B2740}.Debug|Any CPU.Build.0 = Debug|Any CPU
		{04A80726-E1B2-4261-BC77-1B6F642B2740}.Release|Any CPU.ActiveCfg = Release|Any CPU
		{04A80726-E1B2-4261-BC77-1B6F642B2740}.Release|Any CPU.Build.0 = Release|Any CPU
		{41E18A46-F2D5-4CC0-9DB3-FBA507754E98}.Debug|Any CPU.ActiveCfg = Debug|Any CPU
		{41E18A46-F2D5-4CC0-9DB3-FBA507754E98}.Debug|Any CPU.Build.0 = Debug|Any CPU
		{41E18A46-F2D5-4CC0-9DB3-FBA507754E98}.Release|Any CPU.ActiveCfg = Release|Any CPU
		{41E18A46-F2D5-4CC0-9DB3-FBA507754E98}.Release|Any CPU.Build.0 = Release|Any CPU
	EndGlobalSection
	GlobalSection(SolutionProperties) = preSolution
		HideSolutionNode = FALSE
	EndGlobalSection
	GlobalSection(ExtensibilityGlobals) = postSolution
		SolutionGuid = {80FCD17C-FD00-4CD6-A4A1-41609EDB95AB}
	EndGlobalSection
EndGlobal
